
Microsoft Visual Studio Solution File, Format Version 12.00
# Visual Studio 2013
VisualStudioVersion = 12.0.21005.1
MinimumVisualStudioVersion = 10.0.40219.1
Project("{FAE04EC0-301F-11D3-BF4B-00C04F79EFBC}") = "WebApplication2", "WebApplication2\WebApplication2.csproj", "{FE4D50B7-4254-4126-9F4E-852BFE40B971}"
EndProject
Project("{FAE04EC0-301F-11D3-BF4B-00C04F79EFBC}") = "decision deneme", "..\decision deneme\decision deneme\decision deneme.csproj", "{69AC0B97-3E23-4B51-86A6-3742C0AF55FC}"
EndProject
Global
	GlobalSection(SolutionConfigurationPlatforms) = preSolution
		Debug|Any CPU = Debug|Any CPU
		Release|Any CPU = Release|Any CPU
	EndGlobalSection
	GlobalSection(ProjectConfigurationPlatforms) = postSolution
		{FE4D50B7-4254-4126-9F4E-852BFE40B971}.Debug|Any CPU.ActiveCfg = Debug|Any CPU
		{FE4D50B7-4254-4126-9F4E-852BFE40B971}.Debug|Any CPU.Build.0 = Debug|Any CPU
		{FE4D50B7-4254-4126-9F4E-852BFE40B971}.Release|Any CPU.ActiveCfg = Release|Any CPU
		{FE4D50B7-4254-4126-9F4E-852BFE40B971}.Release|Any CPU.Build.0 = Release|Any CPU
		{69AC0B97-3E23-4B51-86A6-3742C0AF55FC}.Debug|Any CPU.ActiveCfg = Debug|Any CPU
		{69AC0B97-3E23-4B51-86A6-3742C0AF55FC}.Debug|Any CPU.Build.0 = Debug|Any CPU
		{69AC0B97-3E23-4B51-86A6-3742C0AF55FC}.Release|Any CPU.ActiveCfg = Release|Any CPU
		{69AC0B97-3E23-4B51-86A6-3742C0AF55FC}.Release|Any CPU.Build.0 = Release|Any CPU
	EndGlobalSection
	GlobalSection(SolutionProperties) = preSolution
		HideSolutionNode = FALSE
	EndGlobalSection
EndGlobal
